
Microsoft Visual Studio Solution File, Format Version 11.00
# Visual Studio 2010
Project("{FAE04EC0-301F-11D3-BF4B-00C04F79EFBC}") = "QRCode", "QRCode.csproj", "{01F0BED5-5B51-4716-B33D-21627A44212F}"
EndProject
Global
	GlobalSection(SolutionConfigurationPlatforms) = preSolution
		Debug|Any CPU = Debug|Any CPU
		Release|Any CPU = Release|Any CPU
	EndGlobalSection
	GlobalSection(ProjectConfigurationPlatforms) = postSolution
		{01F0BED5-5B51-4716-B33D-21627A44212F}.Debug|Any CPU.ActiveCfg = Debug|Any CPU
		{01F0BED5-5B51-4716-B33D-21627A44212F}.Debug|Any CPU.Build.0 = Debug|Any CPU
		{01F0BED5-5B51-4716-B33D-21627A44212F}.Release|Any CPU.ActiveCfg = Release|Any CPU
		{01F0BED5-5B51-4716-B33D-21627A44212F}.Release|Any CPU.Build.0 = Release|Any CPU
	EndGlobalSection
	GlobalSection(SolutionProperties) = preSolution
		HideSolutionNode = FALSE
	EndGlobalSection
EndGlobal
